
Microsoft Visual Studio Solution File, Format Version 12.00
# Visual Studio Version 17
VisualStudioVersion = 17.14.36616.10 d17.14
MinimumVisualStudioVersion = 10.0.40219.1
Project("{FAE04EC0-301F-11D3-BF4B-00C04F79EFBC}") = "Assignment_11_12_2025", "Assignment_11_12_2025.csproj", "{F1DC642D-F3CB-41AD-9811-4AC806313653}"
EndProject
Global
	GlobalSection(SolutionConfigurationPlatforms) = preSolution
		Debug|Any CPU = Debug|Any CPU
		Release|Any CPU = Release|Any CPU
	EndGlobalSection
	GlobalSection(ProjectConfigurationPlatforms) = postSolution
		{F1DC642D-F3CB-41AD-9811-4AC806313653}.Debug|Any CPU.ActiveCfg = Debug|Any CPU
		{F1DC642D-F3CB-41AD-9811-4AC806313653}.Debug|Any CPU.Build.0 = Debug|Any CPU
		{F1DC642D-F3CB-41AD-9811-4AC806313653}.Release|Any CPU.ActiveCfg = Release|Any CPU
		{F1DC642D-F3CB-41AD-9811-4AC806313653}.Release|Any CPU.Build.0 = Release|Any CPU
	EndGlobalSection
	GlobalSection(SolutionProperties) = preSolution
		HideSolutionNode = FALSE
	EndGlobalSection
	GlobalSection(ExtensibilityGlobals) = postSolution
		SolutionGuid = {0A1CD636-63BD-414B-B856-A370A56E727E}
	EndGlobalSection
EndGlobal
