
Microsoft Visual Studio Solution File, Format Version 12.00
# Visual Studio Version 17
VisualStudioVersion = 17.14.36616.10 d17.14
MinimumVisualStudioVersion = 10.0.40219.1
Project("{FAE04EC0-301F-11D3-BF4B-00C04F79EFBC}") = "ADOAssesent", "ADOAssesent.csproj", "{1E82F456-7F74-4FD6-95FC-F6EF118D6765}"
EndProject
Global
	GlobalSection(SolutionConfigurationPlatforms) = preSolution
		Debug|Any CPU = Debug|Any CPU
		Release|Any CPU = Release|Any CPU
	EndGlobalSection
	GlobalSection(ProjectConfigurationPlatforms) = postSolution
		{1E82F456-7F74-4FD6-95FC-F6EF118D6765}.Debug|Any CPU.ActiveCfg = Debug|Any CPU
		{1E82F456-7F74-4FD6-95FC-F6EF118D6765}.Debug|Any CPU.Build.0 = Debug|Any CPU
		{1E82F456-7F74-4FD6-95FC-F6EF118D6765}.Release|Any CPU.ActiveCfg = Release|Any CPU
		{1E82F456-7F74-4FD6-95FC-F6EF118D6765}.Release|Any CPU.Build.0 = Release|Any CPU
	EndGlobalSection
	GlobalSection(SolutionProperties) = preSolution
		HideSolutionNode = FALSE
	EndGlobalSection
	GlobalSection(ExtensibilityGlobals) = postSolution
		SolutionGuid = {4FCC2B28-318F-44D8-BEB8-82A2F959AF3E}
	EndGlobalSection
EndGlobal
