
Microsoft Visual Studio Solution File, Format Version 12.00
# Visual Studio Version 17
VisualStudioVersion = 17.14.36616.10 d17.14
MinimumVisualStudioVersion = 10.0.40219.1
Project("{FAE04EC0-301F-11D3-BF4B-00C04F79EFBC}") = "Country_Web_API", "Country_Web_API.csproj", "{F445956C-FCF6-413C-A69D-C8CA62FA39E7}"
EndProject
Global
	GlobalSection(SolutionConfigurationPlatforms) = preSolution
		Debug|Any CPU = Debug|Any CPU
		Release|Any CPU = Release|Any CPU
	EndGlobalSection
	GlobalSection(ProjectConfigurationPlatforms) = postSolution
		{F445956C-FCF6-413C-A69D-C8CA62FA39E7}.Debug|Any CPU.ActiveCfg = Debug|Any CPU
		{F445956C-FCF6-413C-A69D-C8CA62FA39E7}.Debug|Any CPU.Build.0 = Debug|Any CPU
		{F445956C-FCF6-413C-A69D-C8CA62FA39E7}.Release|Any CPU.ActiveCfg = Release|Any CPU
		{F445956C-FCF6-413C-A69D-C8CA62FA39E7}.Release|Any CPU.Build.0 = Release|Any CPU
	EndGlobalSection
	GlobalSection(SolutionProperties) = preSolution
		HideSolutionNode = FALSE
	EndGlobalSection
	GlobalSection(ExtensibilityGlobals) = postSolution
		SolutionGuid = {7539F129-7111-40E0-8F37-7B4643FBD332}
	EndGlobalSection
EndGlobal
