
Microsoft Visual Studio Solution File, Format Version 12.00
# Visual Studio Version 17
VisualStudioVersion = 17.14.36616.10 d17.14
MinimumVisualStudioVersion = 10.0.40219.1
Project("{FAE04EC0-301F-11D3-BF4B-00C04F79EFBC}") = "PayrollProject", "PayrollProject.csproj", "{812F6737-C146-43E6-8A6C-ED3E97E363D6}"
EndProject
Project("{FAE04EC0-301F-11D3-BF4B-00C04F79EFBC}") = "ConsoleApp", "..\ConsoleApp\ConsoleApp.csproj", "{A5E68127-0C3A-4148-8385-4A97A821E2B2}"
EndProject
Global
	GlobalSection(SolutionConfigurationPlatforms) = preSolution
		Debug|Any CPU = Debug|Any CPU
		Release|Any CPU = Release|Any CPU
	EndGlobalSection
	GlobalSection(ProjectConfigurationPlatforms) = postSolution
		{812F6737-C146-43E6-8A6C-ED3E97E363D6}.Debug|Any CPU.ActiveCfg = Debug|Any CPU
		{812F6737-C146-43E6-8A6C-ED3E97E363D6}.Debug|Any CPU.Build.0 = Debug|Any CPU
		{812F6737-C146-43E6-8A6C-ED3E97E363D6}.Release|Any CPU.ActiveCfg = Release|Any CPU
		{812F6737-C146-43E6-8A6C-ED3E97E363D6}.Release|Any CPU.Build.0 = Release|Any CPU
		{A5E68127-0C3A-4148-8385-4A97A821E2B2}.Debug|Any CPU.ActiveCfg = Debug|Any CPU
		{A5E68127-0C3A-4148-8385-4A97A821E2B2}.Debug|Any CPU.Build.0 = Debug|Any CPU
		{A5E68127-0C3A-4148-8385-4A97A821E2B2}.Release|Any CPU.ActiveCfg = Release|Any CPU
		{A5E68127-0C3A-4148-8385-4A97A821E2B2}.Release|Any CPU.Build.0 = Release|Any CPU
	EndGlobalSection
	GlobalSection(SolutionProperties) = preSolution
		HideSolutionNode = FALSE
	EndGlobalSection
	GlobalSection(ExtensibilityGlobals) = postSolution
		SolutionGuid = {5EF9D436-5627-46C4-8DB8-92807E0EF933}
	EndGlobalSection
EndGlobal
